// !$*UTF8*$!
{
	archiveVersion = 1;
	classes = {
	};
	objectVersion = 55;
	objects = {

/* Begin PBXBuildFile section */
		737BBCFC277A47CA007A38F3 /* AppDelegate.swift in Sources */ = {isa = PBXBuildFile; fileRef = 737BBCFB277A47CA007A38F3 /* AppDelegate.swift */; };
		737BBCFE277A47CA007A38F3 /* SceneDelegate.swift in Sources */ = {isa = PBXBuildFile; fileRef = 737BBCFD277A47CA007A38F3 /* SceneDelegate.swift */; };
		737BBD00277A47CA007A38F3 /* ViewController.swift in Sources */ = {isa = PBXBuildFile; fileRef = 737BBCFF277A47CA007A38F3 /* ViewController.swift */; };
		737BBD03277A47CA007A38F3 /* Main.storyboard in Resources */ = {isa = PBXBuildFile; fileRef = 737BBD01277A47CA007A38F3 /* Main.storyboard */; };
		737BBD05277A47CF007A38F3 /* Assets.xcassets in Resources */ = {isa = PBXBuildFile; fileRef = 737BBD04277A47CF007A38F3 /* Assets.xcassets */; };
		737BBD08277A47CF007A38F3 /* LaunchScreen.storyboard in Resources */ = {isa = PBXBuildFile; fileRef = 737BBD06277A47CF007A38F3 /* LaunchScreen.storyboard */; };
		737BBD13277A47CF007A38F3 /* CoreML_YOLOv5Tests.swift in Sources */ = {isa = PBXBuildFile; fileRef = 737BBD12277A47CF007A38F3 /* CoreML_YOLOv5Tests.swift */; };
		737BBD1D277A47CF007A38F3 /* CoreML_YOLOv5UITests.swift in Sources */ = {isa = PBXBuildFile; fileRef = 737BBD1C277A47CF007A38F3 /* CoreML_YOLOv5UITests.swift */; };
		737BBD1F277A47CF007A38F3 /* CoreML_YOLOv5UITestsLaunchTests.swift in Sources */ = {isa = PBXBuildFile; fileRef = 737BBD1E277A47CF007A38F3 /* CoreML_YOLOv5UITestsLaunchTests.swift */; };
		737BBD3F277BF66C007A38F3 /* yolov5s.mlmodelc in Resources */ = {isa = PBXBuildFile; fileRef = 737BBD3D277BF66B007A38F3 /* yolov5s.mlmodelc */; };
		737BBD40277BF66C007A38F3 /* yolov5s.swift in Sources */ = {isa = PBXBuildFile; fileRef = 737BBD3E277BF66C007A38F3 /* yolov5s.swift */; };
		739E902E2800F54800347407 /* ImageUtils.swift in Sources */ = {isa = PBXBuildFile; fileRef = 739E902D2800F54800347407 /* ImageUtils.swift */; };
		739E90302800F62200347407 /* Detection.swift in Sources */ = {isa = PBXBuildFile; fileRef = 739E902F2800F62200347407 /* Detection.swift */; };
		C12910672E85414200FD323E /* golfballyolov8n.mlpackage in Sources */ = {isa = PBXBuildFile; fileRef = C12910662E85414200FD323E /* golfballyolov8n.mlpackage */; };
		C15E0E872E66ACEC008C196E /* GolfBall2.mlpackage in Sources */ = {isa = PBXBuildFile; fileRef = C15E0E862E66ACEC008C196E /* GolfBall2.mlpackage */; };
		C15E0E892E66B009008C196E /* Info 2.plist in Resources */ = {isa = PBXBuildFile; fileRef = C15E0E882E66B009008C196E /* Info 2.plist */; };
		C170D1492E6911AA00B8416B /* GolfBall3.mlmodel in Sources */ = {isa = PBXBuildFile; fileRef = C170D1482E6911AA00B8416B /* GolfBall3.mlmodel */; };
/* End PBXBuildFile section */

/* Begin PBXContainerItemProxy section */
		737BBD0F277A47CF007A38F3 /* PBXContainerItemProxy */ = {
			isa = PBXContainerItemProxy;
			containerPortal = 737BBCF0277A47CA007A38F3 /* Project object */;
			proxyType = 1;
			remoteGlobalIDString = 737BBCF7277A47CA007A38F3;
			remoteInfo = "CoreML-YOLOv5";
		};
		737BBD19277A47CF007A38F3 /* PBXContainerItemProxy */ = {
			isa = PBXContainerItemProxy;
			containerPortal = 737BBCF0277A47CA007A38F3 /* Project object */;
			proxyType = 1;
			remoteGlobalIDString = 737BBCF7277A47CA007A38F3;
			remoteInfo = "CoreML-YOLOv5";
		};
/* End PBXContainerItemProxy section */

/* Begin PBXFileReference section */
		737BBCF8277A47CA007A38F3 /* CoreML-YOLOv5.app */ = {isa = PBXFileReference; explicitFileType = wrapper.application; includeInIndex = 0; path = "CoreML-YOLOv5.app"; sourceTree = BUILT_PRODUCTS_DIR; };
		737BBCFB277A47CA007A38F3 /* AppDelegate.swift */ = {isa = PBXFileReference; lastKnownFileType = sourcecode.swift; path = AppDelegate.swift; sourceTree = "<group>"; };
		737BBCFD277A47CA007A38F3 /* SceneDelegate.swift */ = {isa = PBXFileReference; lastKnownFileType = sourcecode.swift; path = SceneDelegate.swift; sourceTree = "<group>"; };
		737BBCFF277A47CA007A38F3 /* ViewController.swift */ = {isa = PBXFileReference; lastKnownFileType = sourcecode.swift; path = ViewController.swift; sourceTree = "<group>"; };
		737BBD02277A47CA007A38F3 /* Base */ = {isa = PBXFileReference; lastKnownFileType = file.storyboard; name = Base; path = Base.lproj/Main.storyboard; sourceTree = "<group>"; };
		737BBD04277A47CF007A38F3 /* Assets.xcassets */ = {isa = PBXFileReference; lastKnownFileType = folder.assetcatalog; path = Assets.xcassets; sourceTree = "<group>"; };
		737BBD07277A47CF007A38F3 /* Base */ = {isa = PBXFileReference; lastKnownFileType = file.storyboard; name = Base; path = Base.lproj/LaunchScreen.storyboard; sourceTree = "<group>"; };
		737BBD09277A47CF007A38F3 /* Info.plist */ = {isa = PBXFileReference; lastKnownFileType = text.plist.xml; path = Info.plist; sourceTree = "<group>"; };
		737BBD0E277A47CF007A38F3 /* CoreML-YOLOv5Tests.xctest */ = {isa = PBXFileReference; explicitFileType = wrapper.cfbundle; includeInIndex = 0; path = "CoreML-YOLOv5Tests.xctest"; sourceTree = BUILT_PRODUCTS_DIR; };
		737BBD12277A47CF007A38F3 /* CoreML_YOLOv5Tests.swift */ = {isa = PBXFileReference; lastKnownFileType = sourcecode.swift; path = CoreML_YOLOv5Tests.swift; sourceTree = "<group>"; };
		737BBD18277A47CF007A38F3 /* CoreML-YOLOv5UITests.xctest */ = {isa = PBXFileReference; explicitFileType = wrapper.cfbundle; includeInIndex = 0; path = "CoreML-YOLOv5UITests.xctest"; sourceTree = BUILT_PRODUCTS_DIR; };
		737BBD1C277A47CF007A38F3 /* CoreML_YOLOv5UITests.swift */ = {isa = PBXFileReference; lastKnownFileType = sourcecode.swift; path = CoreML_YOLOv5UITests.swift; sourceTree = "<group>"; };
		737BBD1E277A47CF007A38F3 /* CoreML_YOLOv5UITestsLaunchTests.swift */ = {isa = PBXFileReference; lastKnownFileType = sourcecode.swift; path = CoreML_YOLOv5UITestsLaunchTests.swift; sourceTree = "<group>"; };
		737BBD3D277BF66B007A38F3 /* yolov5s.mlmodelc */ = {isa = PBXFileReference; lastKnownFileType = wrapper; path = yolov5s.mlmodelc; sourceTree = "<group>"; };
		737BBD3E277BF66C007A38F3 /* yolov5s.swift */ = {isa = PBXFileReference; fileEncoding = 4; lastKnownFileType = sourcecode.swift; path = yolov5s.swift; sourceTree = "<group>"; };
		739E902D2800F54800347407 /* ImageUtils.swift */ = {isa = PBXFileReference; fileEncoding = 4; lastKnownFileType = sourcecode.swift; path = ImageUtils.swift; sourceTree = "<group>"; };
		739E902F2800F62200347407 /* Detection.swift */ = {isa = PBXFileReference; lastKnownFileType = sourcecode.swift; path = Detection.swift; sourceTree = "<group>"; };
		C12910662E85414200FD323E /* golfballyolov8n.mlpackage */ = {isa = PBXFileReference; lastKnownFileType = folder.mlpackage; path = golfballyolov8n.mlpackage; sourceTree = "<group>"; };
		C15E0E862E66ACEC008C196E /* GolfBall2.mlpackage */ = {isa = PBXFileReference; lastKnownFileType = folder.mlpackage; path = GolfBall2.mlpackage; sourceTree = "<group>"; };
		C15E0E882E66B009008C196E /* Info 2.plist */ = {isa = PBXFileReference; lastKnownFileType = text.plist.xml; path = "Info 2.plist"; sourceTree = "<group>"; };
		C170D1482E6911AA00B8416B /* GolfBall3.mlmodel */ = {isa = PBXFileReference; lastKnownFileType = file.mlmodel; path = GolfBall3.mlmodel; sourceTree = "<group>"; };
/* End PBXFileReference section */

/* Begin PBXFrameworksBuildPhase section */
		737BBCF5277A47CA007A38F3 /* Frameworks */ = {
			isa = PBXFrameworksBuildPhase;
			buildActionMask = 2147483647;
			files = (
			);
			runOnlyForDeploymentPostprocessing = 0;
		};
		737BBD0B277A47CF007A38F3 /* Frameworks */ = {
			isa = PBXFrameworksBuildPhase;
			buildActionMask = 2147483647;
			files = (
			);
			runOnlyForDeploymentPostprocessing = 0;
		};
		737BBD15277A47CF007A38F3 /* Frameworks */ = {
			isa = PBXFrameworksBuildPhase;
			buildActionMask = 2147483647;
			files = (
			);
			runOnlyForDeploymentPostprocessing = 0;
		};
/* End PBXFrameworksBuildPhase section */

/* Begin PBXGroup section */
		737BBCEF277A47CA007A38F3 = {
			isa = PBXGroup;
			children = (
				737BBCFA277A47CA007A38F3 /* CoreML-YOLOv5 */,
				737BBD11277A47CF007A38F3 /* CoreML-YOLOv5Tests */,
				737BBD1B277A47CF007A38F3 /* CoreML-YOLOv5UITests */,
				737BBCF9277A47CA007A38F3 /* Products */,
			);
			sourceTree = "<group>";
		};
		737BBCF9277A47CA007A38F3 /* Products */ = {
			isa = PBXGroup;
			children = (
				737BBCF8277A47CA007A38F3 /* CoreML-YOLOv5.app */,
				737BBD0E277A47CF007A38F3 /* CoreML-YOLOv5Tests.xctest */,
				737BBD18277A47CF007A38F3 /* CoreML-YOLOv5UITests.xctest */,
			);
			name = Products;
			sourceTree = "<group>";
		};
		737BBCFA277A47CA007A38F3 /* CoreML-YOLOv5 */ = {
			isa = PBXGroup;
			children = (
				C12910662E85414200FD323E /* golfballyolov8n.mlpackage */,
				C15E0E862E66ACEC008C196E /* GolfBall2.mlpackage */,
				C170D1482E6911AA00B8416B /* GolfBall3.mlmodel */,
				737BBCFB277A47CA007A38F3 /* AppDelegate.swift */,
				737BBCFD277A47CA007A38F3 /* SceneDelegate.swift */,
				737BBCFF277A47CA007A38F3 /* ViewController.swift */,
				739E902F2800F62200347407 /* Detection.swift */,
				739E902D2800F54800347407 /* ImageUtils.swift */,
				737BBD3D277BF66B007A38F3 /* yolov5s.mlmodelc */,
				737BBD3E277BF66C007A38F3 /* yolov5s.swift */,
				737BBD01277A47CA007A38F3 /* Main.storyboard */,
				737BBD04277A47CF007A38F3 /* Assets.xcassets */,
				737BBD06277A47CF007A38F3 /* LaunchScreen.storyboard */,
				737BBD09277A47CF007A38F3 /* Info.plist */,
				C15E0E882E66B009008C196E /* Info 2.plist */,
			);
			path = "CoreML-YOLOv5";
			sourceTree = "<group>";
		};
		737BBD11277A47CF007A38F3 /* CoreML-YOLOv5Tests */ = {
			isa = PBXGroup;
			children = (
				737BBD12277A47CF007A38F3 /* CoreML_YOLOv5Tests.swift */,
			);
			path = "CoreML-YOLOv5Tests";
			sourceTree = "<group>";
		};
		737BBD1B277A47CF007A38F3 /* CoreML-YOLOv5UITests */ = {
			isa = PBXGroup;
			children = (
				737BBD1C277A47CF007A38F3 /* CoreML_YOLOv5UITests.swift */,
				737BBD1E277A47CF007A38F3 /* CoreML_YOLOv5UITestsLaunchTests.swift */,
			);
			path = "CoreML-YOLOv5UITests";
			sourceTree = "<group>";
		};
/* End PBXGroup section */

/* Begin PBXNativeTarget section */
		737BBCF7277A47CA007A38F3 /* CoreML-YOLOv5 */ = {
			isa = PBXNativeTarget;
			buildConfigurationList = 737BBD22277A47CF007A38F3 /* Build configuration list for PBXNativeTarget "CoreML-YOLOv5" */;
			buildPhases = (
				737BBCF4277A47CA007A38F3 /* Sources */,
				737BBCF5277A47CA007A38F3 /* Frameworks */,
				737BBCF6277A47CA007A38F3 /* Resources */,
			);
			buildRules = (
			);
			dependencies = (
			);
			name = "CoreML-YOLOv5";
			productName = "CoreML-YOLOv5";
			productReference = 737BBCF8277A47CA007A38F3 /* CoreML-YOLOv5.app */;
			productType = "com.apple.product-type.application";
		};
		737BBD0D277A47CF007A38F3 /* CoreML-YOLOv5Tests */ = {
			isa = PBXNativeTarget;
			buildConfigurationList = 737BBD25277A47CF007A38F3 /* Build configuration list for PBXNativeTarget "CoreML-YOLOv5Tests" */;
			buildPhases = (
				737BBD0A277A47CF007A38F3 /* Sources */,
				737BBD0B277A47CF007A38F3 /* Frameworks */,
				737BBD0C277A47CF007A38F3 /* Resources */,
			);
			buildRules = (
			);
			dependencies = (
				737BBD10277A47CF007A38F3 /* PBXTargetDependency */,
			);
			name = "CoreML-YOLOv5Tests";
			productName = "CoreML-YOLOv5Tests";
			productReference = 737BBD0E277A47CF007A38F3 /* CoreML-YOLOv5Tests.xctest */;
			productType = "com.apple.product-type.bundle.unit-test";
		};
		737BBD17277A47CF007A38F3 /* CoreML-YOLOv5UITests */ = {
			isa = PBXNativeTarget;
			buildConfigurationList = 737BBD28277A47CF007A38F3 /* Build configuration list for PBXNativeTarget "CoreML-YOLOv5UITests" */;
			buildPhases = (
				737BBD14277A47CF007A38F3 /* Sources */,
				737BBD15277A47CF007A38F3 /* Frameworks */,
				737BBD16277A47CF007A38F3 /* Resources */,
			);
			buildRules = (
			);
			dependencies = (
				737BBD1A277A47CF007A38F3 /* PBXTargetDependency */,
			);
			name = "CoreML-YOLOv5UITests";
			productName = "CoreML-YOLOv5UITests";
			productReference = 737BBD18277A47CF007A38F3 /* CoreML-YOLOv5UITests.xctest */;
			productType = "com.apple.product-type.bundle.ui-testing";
		};
/* End PBXNativeTarget section */

/* Begin PBXProject section */
		737BBCF0277A47CA007A38F3 /* Project object */ = {
			isa = PBXProject;
			attributes = {
				BuildIndependentTargetsInParallel = 1;
				LastSwiftUpdateCheck = 1320;
				LastUpgradeCheck = 1320;
				TargetAttributes = {
					737BBCF7277A47CA007A38F3 = {
						CreatedOnToolsVersion = 13.2.1;
					};
					737BBD0D277A47CF007A38F3 = {
						CreatedOnToolsVersion = 13.2.1;
						TestTargetID = 737BBCF7277A47CA007A38F3;
					};
					737BBD17277A47CF007A38F3 = {
						CreatedOnToolsVersion = 13.2.1;
						TestTargetID = 737BBCF7277A47CA007A38F3;
					};
				};
			};
			buildConfigurationList = 737BBCF3277A47CA007A38F3 /* Build configuration list for PBXProject "CoreML-YOLOv5" */;
			compatibilityVersion = "Xcode 13.0";
			developmentRegion = en;
			hasScannedForEncodings = 0;
			knownRegions = (
				en,
				Base,
			);
			mainGroup = 737BBCEF277A47CA007A38F3;
			productRefGroup = 737BBCF9277A47CA007A38F3 /* Products */;
			projectDirPath = "";
			projectRoot = "";
			targets = (
				737BBCF7277A47CA007A38F3 /* CoreML-YOLOv5 */,
				737BBD0D277A47CF007A38F3 /* CoreML-YOLOv5Tests */,
				737BBD17277A47CF007A38F3 /* CoreML-YOLOv5UITests */,
			);
		};
/* End PBXProject section */

/* Begin PBXResourcesBuildPhase section */
		737BBCF6277A47CA007A38F3 /* Resources */ = {
			isa = PBXResourcesBuildPhase;
			buildActionMask = 2147483647;
			files = (
				737BBD3F277BF66C007A38F3 /* yolov5s.mlmodelc in Resources */,
				737BBD08277A47CF007A38F3 /* LaunchScreen.storyboard in Resources */,
				737BBD05277A47CF007A38F3 /* Assets.xcassets in Resources */,
				C15E0E892E66B009008C196E /* Info 2.plist in Resources */,
				737BBD03277A47CA007A38F3 /* Main.storyboard in Resources */,
			);
			runOnlyForDeploymentPostprocessing = 0;
		};
		737BBD0C277A47CF007A38F3 /* Resources */ = {
			isa = PBXResourcesBuildPhase;
			buildActionMask = 2147483647;
			files = (
			);
			runOnlyForDeploymentPostprocessing = 0;
		};
		737BBD16277A47CF007A38F3 /* Resources */ = {
			isa = PBXResourcesBuildPhase;
			buildActionMask = 2147483647;
			files = (
			);
			runOnlyForDeploymentPostprocessing = 0;
		};
/* End PBXResourcesBuildPhase section */

/* Begin PBXSourcesBuildPhase section */
		737BBCF4277A47CA007A38F3 /* Sources */ = {
			isa = PBXSourcesBuildPhase;
			buildActionMask = 2147483647;
			files = (
				737BBD00277A47CA007A38F3 /* ViewController.swift in Sources */,
				739E90302800F62200347407 /* Detection.swift in Sources */,
				737BBD40277BF66C007A38F3 /* yolov5s.swift in Sources */,
				C12910672E85414200FD323E /* golfballyolov8n.mlpackage in Sources */,
				C15E0E872E66ACEC008C196E /* GolfBall2.mlpackage in Sources */,
				737BBCFC277A47CA007A38F3 /* AppDelegate.swift in Sources */,
				739E902E2800F54800347407 /* ImageUtils.swift in Sources */,
				737BBCFE277A47CA007A38F3 /* SceneDelegate.swift in Sources */,
				C170D1492E6911AA00B8416B /* GolfBall3.mlmodel in Sources */,
			);
			runOnlyForDeploymentPostprocessing = 0;
		};
		737BBD0A277A47CF007A38F3 /* Sources */ = {
			isa = PBXSourcesBuildPhase;
			buildActionMask = 2147483647;
			files = (
				737BBD13277A47CF007A38F3 /* CoreML_YOLOv5Tests.swift in Sources */,
			);
			runOnlyForDeploymentPostprocessing = 0;
		};
		737BBD14277A47CF007A38F3 /* Sources */ = {
			isa = PBXSourcesBuildPhase;
			buildActionMask = 2147483647;
			files = (
				737BBD1F277A47CF007A38F3 /* CoreML_YOLOv5UITestsLaunchTests.swift in Sources */,
				737BBD1D277A47CF007A38F3 /* CoreML_YOLOv5UITests.swift in Sources */,
			);
			runOnlyForDeploymentPostprocessing = 0;
		};
/* End PBXSourcesBuildPhase section */

/* Begin PBXTargetDependency section */
		737BBD10277A47CF007A38F3 /* PBXTargetDependency */ = {
			isa = PBXTargetDependency;
			target = 737BBCF7277A47CA007A38F3 /* CoreML-YOLOv5 */;
			targetProxy = 737BBD0F277A47CF007A38F3 /* PBXContainerItemProxy */;
		};
		737BBD1A277A47CF007A38F3 /* PBXTargetDependency */ = {
			isa = PBXTargetDependency;
			target = 737BBCF7277A47CA007A38F3 /* CoreML-YOLOv5 */;
			targetProxy = 737BBD19277A47CF007A38F3 /* PBXContainerItemProxy */;
		};
/* End PBXTargetDependency section */

/* Begin PBXVariantGroup section */
		737BBD01277A47CA007A38F3 /* Main.storyboard */ = {
			isa = PBXVariantGroup;
			children = (
				737BBD02277A47CA007A38F3 /* Base */,
			);
			name = Main.storyboard;
			sourceTree = "<group>";
		};
		737BBD06277A47CF007A38F3 /* LaunchScreen.storyboard */ = {
			isa = PBXVariantGroup;
			children = (
				737BBD07277A47CF007A38F3 /* Base */,
			);
			name = LaunchScreen.storyboard;
			sourceTree = "<group>";
		};
/* End PBXVariantGroup section */

/* Begin XCBuildConfiguration section */
		737BBD20277A47CF007A38F3 /* Debug */ = {
			isa = XCBuildConfiguration;
			buildSettings = {
				ALWAYS_SEARCH_USER_PATHS = NO;
				CLANG_ANALYZER_NONNULL = YES;
				CLANG_ANALYZER_NUMBER_OBJECT_CONVERSION = YES_AGGRESSIVE;
				CLANG_CXX_LANGUAGE_STANDARD = "gnu++17";
				CLANG_CXX_LIBRARY = "libc++";
				CLANG_ENABLE_MODULES = YES;
				CLANG_ENABLE_OBJC_ARC = YES;
				CLANG_ENABLE_OBJC_WEAK = YES;
				CLANG_WARN_BLOCK_CAPTURE_AUTORELEASING = YES;
				CLANG_WARN_BOOL_CONVERSION = YES;
				CLANG_WARN_COMMA = YES;
				CLANG_WARN_CONSTANT_CONVERSION = YES;
				CLANG_WARN_DEPRECATED_OBJC_IMPLEMENTATIONS = YES;
				CLANG_WARN_DIRECT_OBJC_ISA_USAGE = YES_ERROR;
				CLANG_WARN_DOCUMENTATION_COMMENTS = YES;
				CLANG_WARN_EMPTY_BODY = YES;
				CLANG_WARN_ENUM_CONVERSION = YES;
				CLANG_WARN_INFINITE_RECURSION = YES;
				CLANG_WARN_INT_CONVERSION = YES;
				CLANG_WARN_NON_LITERAL_NULL_CONVERSION = YES;
				CLANG_WARN_OBJC_IMPLICIT_RETAIN_SELF = YES;
				CLANG_WARN_OBJC_LITERAL_CONVERSION = YES;
				CLANG_WARN_OBJC_ROOT_CLASS = YES_ERROR;
				CLANG_WARN_QUOTED_INCLUDE_IN_FRAMEWORK_HEADER = YES;
				CLANG_WARN_RANGE_LOOP_ANALYSIS = YES;
				CLANG_WARN_STRICT_PROTOTYPES = YES;
				CLANG_WARN_SUSPICIOUS_MOVE = YES;
				CLANG_WARN_UNGUARDED_AVAILABILITY = YES_AGGRESSIVE;
				CLANG_WARN_UNREACHABLE_CODE = YES;
				CLANG_WARN__DUPLICATE_METHOD_MATCH = YES;
				COPY_PHASE_STRIP = NO;
				DEBUG_INFORMATION_FORMAT = dwarf;
				ENABLE_STRICT_OBJC_MSGSEND = YES;
				ENABLE_TESTABILITY = YES;
				GCC_C_LANGUAGE_STANDARD = gnu11;
				GCC_DYNAMIC_NO_PIC = NO;
				GCC_NO_COMMON_BLOCKS = YES;
				GCC_OPTIMIZATION_LEVEL = 0;
				GCC_PREPROCESSOR_DEFINITIONS = (
					"DEBUG=1",
					"$(inherited)",
				);
				GCC_WARN_64_TO_32_BIT_CONVERSION = YES;
				GCC_WARN_ABOUT_RETURN_TYPE = YES_ERROR;
				GCC_WARN_UNDECLARED_SELECTOR = YES;
				GCC_WARN_UNINITIALIZED_AUTOS = YES_AGGRESSIVE;
				GCC_WARN_UNUSED_FUNCTION = YES;
				GCC_WARN_UNUSED_VARIABLE = YES;
				IPHONEOS_DEPLOYMENT_TARGET = 15.2;
				MTL_ENABLE_DEBUG_INFO = INCLUDE_SOURCE;
				MTL_FAST_MATH = YES;
				ONLY_ACTIVE_ARCH = YES;
				SDKROOT = iphoneos;
				SWIFT_ACTIVE_COMPILATION_CONDITIONS = DEBUG;
				SWIFT_OPTIMIZATION_LEVEL = "-Onone";
			};
			name = Debug;
		};
		737BBD21277A47CF007A38F3 /* Release */ = {
			isa = XCBuildConfiguration;
			buildSettings = {
				ALWAYS_SEARCH_USER_PATHS = NO;
				CLANG_ANALYZER_NONNULL = YES;
				CLANG_ANALYZER_NUMBER_OBJECT_CONVERSION = YES_AGGRESSIVE;
				CLANG_CXX_LANGUAGE_STANDARD = "gnu++17";
				CLANG_CXX_LIBRARY = "libc++";
				CLANG_ENABLE_MODULES = YES;
				CLANG_ENABLE_OBJC_ARC = YES;
				CLANG_ENABLE_OBJC_WEAK = YES;
				CLANG_WARN_BLOCK_CAPTURE_AUTORELEASING = YES;
				CLANG_WARN_BOOL_CONVERSION = YES;
				CLANG_WARN_COMMA = YES;
				CLANG_WARN_CONSTANT_CONVERSION = YES;
				CLANG_WARN_DEPRECATED_OBJC_IMPLEMENTATIONS = YES;
				CLANG_WARN_DIRECT_OBJC_ISA_USAGE = YES_ERROR;
				CLANG_WARN_DOCUMENTATION_COMMENTS = YES;
				CLANG_WARN_EMPTY_BODY = YES;
				CLANG_WARN_ENUM_CONVERSION = YES;
				CLANG_WARN_INFINITE_RECURSION = YES;
				CLANG_WARN_INT_CONVERSION = YES;
				CLANG_WARN_NON_LITERAL_NULL_CONVERSION = YES;
				CLANG_WARN_OBJC_IMPLICIT_RETAIN_SELF = YES;
				CLANG_WARN_OBJC_LITERAL_CONVERSION = YES;
				CLANG_WARN_OBJC_ROOT_CLASS = YES_ERROR;
				CLANG_WARN_QUOTED_INCLUDE_IN_FRAMEWORK_HEADER = YES;
				CLANG_WARN_RANGE_LOOP_ANALYSIS = YES;
				CLANG_WARN_STRICT_PROTOTYPES = YES;
				CLANG_WARN_SUSPICIOUS_MOVE = YES;
				CLANG_WARN_UNGUARDED_AVAILABILITY = YES_AGGRESSIVE;
				CLANG_WARN_UNREACHABLE_CODE = YES;
				CLANG_WARN__DUPLICATE_METHOD_MATCH = YES;
				COPY_PHASE_STRIP = NO;
				DEBUG_INFORMATION_FORMAT = "dwarf-with-dsym";
				ENABLE_NS_ASSERTIONS = NO;
				ENABLE_STRICT_OBJC_MSGSEND = YES;
				GCC_C_LANGUAGE_STANDARD = gnu11;
				GCC_NO_COMMON_BLOCKS = YES;
				GCC_WARN_64_TO_32_BIT_CONVERSION = YES;
				GCC_WARN_ABOUT_RETURN_TYPE = YES_ERROR;
				GCC_WARN_UNDECLARED_SELECTOR = YES;
				GCC_WARN_UNINITIALIZED_AUTOS = YES_AGGRESSIVE;
				GCC_WARN_UNUSED_FUNCTION = YES;
				GCC_WARN_UNUSED_VARIABLE = YES;
				IPHONEOS_DEPLOYMENT_TARGET = 15.2;
				MTL_ENABLE_DEBUG_INFO = NO;
				MTL_FAST_MATH = YES;
				SDKROOT = iphoneos;
				SWIFT_COMPILATION_MODE = wholemodule;
				SWIFT_OPTIMIZATION_LEVEL = "-O";
				VALIDATE_PRODUCT = YES;
			};
			name = Release;
		};
		737BBD23277A47CF007A38F3 /* Debug */ = {
			isa = XCBuildConfiguration;
			buildSettings = {
				ASSETCATALOG_COMPILER_APPICON_NAME = AppIcon;
				ASSETCATALOG_COMPILER_GLOBAL_ACCENT_COLOR_NAME = AccentColor;
				CODE_SIGN_STYLE = Automatic;
				CURRENT_PROJECT_VERSION = 1;
				DEVELOPMENT_TEAM = BG56D6X42L;
				GENERATE_INFOPLIST_FILE = YES;
				INFOPLIST_FILE = "CoreML-YOLOv5/Info.plist";
				INFOPLIST_KEY_UIApplicationSupportsIndirectInputEvents = YES;
				INFOPLIST_KEY_UILaunchStoryboardName = LaunchScreen;
				INFOPLIST_KEY_UIMainStoryboardFile = Main;
				INFOPLIST_KEY_UISupportedInterfaceOrientations_iPad = "UIInterfaceOrientationPortrait UIInterfaceOrientationPortraitUpsideDown UIInterfaceOrientationLandscapeLeft UIInterfaceOrientationLandscapeRight";
				INFOPLIST_KEY_UISupportedInterfaceOrientations_iPhone = "UIInterfaceOrientationPortrait UIInterfaceOrientationLandscapeLeft UIInterfaceOrientationLandscapeRight";
				IPHONEOS_DEPLOYMENT_TARGET = 17.6;
				LD_RUNPATH_SEARCH_PATHS = (
					"$(inherited)",
					"@executable_path/Frameworks",
				);
				MARKETING_VERSION = 1.0;
				PRODUCT_BUNDLE_IDENTIFIER = "com.daisukemajima.CoreML-YOLOv5";
				PRODUCT_NAME = "$(TARGET_NAME)";
				SWIFT_EMIT_LOC_STRINGS = YES;
				SWIFT_VERSION = 5.0;
				TARGETED_DEVICE_FAMILY = "1,2";
			};
			name = Debug;
		};
		737BBD24277A47CF007A38F3 /* Release */ = {
			isa = XCBuildConfiguration;
			buildSettings = {
				ASSETCATALOG_COMPILER_APPICON_NAME = AppIcon;
				ASSETCATALOG_COMPILER_GLOBAL_ACCENT_COLOR_NAME = AccentColor;
				CODE_SIGN_STYLE = Automatic;
				CURRENT_PROJECT_VERSION = 1;
				DEVELOPMENT_TEAM = BG56D6X42L;
				GENERATE_INFOPLIST_FILE = YES;
				INFOPLIST_FILE = "CoreML-YOLOv5/Info.plist";
				INFOPLIST_KEY_UIApplicationSupportsIndirectInputEvents = YES;
				INFOPLIST_KEY_UILaunchStoryboardName = LaunchScreen;
				INFOPLIST_KEY_UIMainStoryboardFile = Main;
				INFOPLIST_KEY_UISupportedInterfaceOrientations_iPad = "UIInterfaceOrientationPortrait UIInterfaceOrientationPortraitUpsideDown UIInterfaceOrientationLandscapeLeft UIInterfaceOrientationLandscapeRight";
				INFOPLIST_KEY_UISupportedInterfaceOrientations_iPhone = "UIInterfaceOrientationPortrait UIInterfaceOrientationLandscapeLeft UIInterfaceOrientationLandscapeRight";
				IPHONEOS_DEPLOYMENT_TARGET = 17.6;
				LD_RUNPATH_SEARCH_PATHS = (
					"$(inherited)",
					"@executable_path/Frameworks",
				);
				MARKETING_VERSION = 1.0;
				PRODUCT_BUNDLE_IDENTIFIER = "com.daisukemajima.CoreML-YOLOv5";
				PRODUCT_NAME = "$(TARGET_NAME)";
				SWIFT_EMIT_LOC_STRINGS = YES;
				SWIFT_VERSION = 5.0;
				TARGETED_DEVICE_FAMILY = "1,2";
			};
			name = Release;
		};
		737BBD26277A47CF007A38F3 /* Debug */ = {
			isa = XCBuildConfiguration;
			buildSettings = {
				ALWAYS_EMBED_SWIFT_STANDARD_LIBRARIES = YES;
				BUNDLE_LOADER = "$(TEST_HOST)";
				CODE_SIGN_STYLE = Automatic;
				CURRENT_PROJECT_VERSION = 1;
				DEVELOPMENT_TEAM = MFN25KNUGJ;
				GENERATE_INFOPLIST_FILE = YES;
				IPHONEOS_DEPLOYMENT_TARGET = 15.2;
				MARKETING_VERSION = 1.0;
				PRODUCT_BUNDLE_IDENTIFIER = "com.daisukemajima.CoreML-YOLOv5Tests";
				PRODUCT_NAME = "$(TARGET_NAME)";
				SWIFT_EMIT_LOC_STRINGS = NO;
				SWIFT_VERSION = 5.0;
				TARGETED_DEVICE_FAMILY = "1,2";
				TEST_HOST = "$(BUILT_PRODUCTS_DIR)/CoreML-YOLOv5.app/CoreML-YOLOv5";
			};
			name = Debug;
		};
		737BBD27277A47CF007A38F3 /* Release */ = {
			isa = XCBuildConfiguration;
			buildSettings = {
				ALWAYS_EMBED_SWIFT_STANDARD_LIBRARIES = YES;
				BUNDLE_LOADER = "$(TEST_HOST)";
				CODE_SIGN_STYLE = Automatic;
				CURRENT_PROJECT_VERSION = 1;
				DEVELOPMENT_TEAM = MFN25KNUGJ;
				GENERATE_INFOPLIST_FILE = YES;
				IPHONEOS_DEPLOYMENT_TARGET = 15.2;
				MARKETING_VERSION = 1.0;
				PRODUCT_BUNDLE_IDENTIFIER = "com.daisukemajima.CoreML-YOLOv5Tests";
				PRODUCT_NAME = "$(TARGET_NAME)";
				SWIFT_EMIT_LOC_STRINGS = NO;
				SWIFT_VERSION = 5.0;
				TARGETED_DEVICE_FAMILY = "1,2";
				TEST_HOST = "$(BUILT_PRODUCTS_DIR)/CoreML-YOLOv5.app/CoreML-YOLOv5";
			};
			name = Release;
		};
		737BBD29277A47CF007A38F3 /* Debug */ = {
			isa = XCBuildConfiguration;
			buildSettings = {
				ALWAYS_EMBED_SWIFT_STANDARD_LIBRARIES = YES;
				CODE_SIGN_STYLE = Automatic;
				CURRENT_PROJECT_VERSION = 1;
				DEVELOPMENT_TEAM = MFN25KNUGJ;
				GENERATE_INFOPLIST_FILE = YES;
				MARKETING_VERSION = 1.0;
				PRODUCT_BUNDLE_IDENTIFIER = "com.daisukemajima.CoreML-YOLOv5UITests";
				PRODUCT_NAME = "$(TARGET_NAME)";
				SWIFT_EMIT_LOC_STRINGS = NO;
				SWIFT_VERSION = 5.0;
				TARGETED_DEVICE_FAMILY = "1,2";
				TEST_TARGET_NAME = "CoreML-YOLOv5";
			};
			name = Debug;
		};
		737BBD2A277A47CF007A38F3 /* Release */ = {
			isa = XCBuildConfiguration;
			buildSettings = {
				ALWAYS_EMBED_SWIFT_STANDARD_LIBRARIES = YES;
				CODE_SIGN_STYLE = Automatic;
				CURRENT_PROJECT_VERSION = 1;
				DEVELOPMENT_TEAM = MFN25KNUGJ;
				GENERATE_INFOPLIST_FILE = YES;
				MARKETING_VERSION = 1.0;
				PRODUCT_BUNDLE_IDENTIFIER = "com.daisukemajima.CoreML-YOLOv5UITests";
				PRODUCT_NAME = "$(TARGET_NAME)";
				SWIFT_EMIT_LOC_STRINGS = NO;
				SWIFT_VERSION = 5.0;
				TARGETED_DEVICE_FAMILY = "1,2";
				TEST_TARGET_NAME = "CoreML-YOLOv5";
			};
			name = Release;
		};
/* End XCBuildConfiguration section */

/* Begin XCConfigurationList section */
		737BBCF3277A47CA007A38F3 /* Build configuration list for PBXProject "CoreML-YOLOv5" */ = {
			isa = XCConfigurationList;
			buildConfigurations = (
				737BBD20277A47CF007A38F3 /* Debug */,
				737BBD21277A47CF007A38F3 /* Release */,
			);
			defaultConfigurationIsVisible = 0;
			defaultConfigurationName = Release;
		};
		737BBD22277A47CF007A38F3 /* Build configuration list for PBXNativeTarget "CoreML-YOLOv5" */ = {
			isa = XCConfigurationList;
			buildConfigurations = (
				737BBD23277A47CF007A38F3 /* Debug */,
				737BBD24277A47CF007A38F3 /* Release */,
			);
			defaultConfigurationIsVisible = 0;
			defaultConfigurationName = Release;
		};
		737BBD25277A47CF007A38F3 /* Build configuration list for PBXNativeTarget "CoreML-YOLOv5Tests" */ = {
			isa = XCConfigurationList;
			buildConfigurations = (
				737BBD26277A47CF007A38F3 /* Debug */,
				737BBD27277A47CF007A38F3 /* Release */,
			);
			defaultConfigurationIsVisible = 0;
			defaultConfigurationName = Release;
		};
		737BBD28277A47CF007A38F3 /* Build configuration list for PBXNativeTarget "CoreML-YOLOv5UITests" */ = {
			isa = XCConfigurationList;
			buildConfigurations = (
				737BBD29277A47CF007A38F3 /* Debug */,
				737BBD2A277A47CF007A38F3 /* Release */,
			);
			defaultConfigurationIsVisible = 0;
			defaultConfigurationName = Release;
		};
/* End XCConfigurationList section */
	};
	rootObject = 737BBCF0277A47CA007A38F3 /* Project object */;
}
